
Microsoft Visual Studio Solution File, Format Version 12.00
# Visual Studio Version 17
VisualStudioVersion = 17.7.34202.233
MinimumVisualStudioVersion = 10.0.40219.1
Project("{FAE04EC0-301F-11D3-BF4B-00C04F79EFBC}") = "GUI", "GUI\GUI.csproj", "{F9124559-75A9-4808-9A95-D40D94CCC088}"
EndProject
Project("{FAE04EC0-301F-11D3-BF4B-00C04F79EFBC}") = "BUS", "BUS\BUS.csproj", "{81DA018F-800A-4A4D-9BF2-00D4751F2017}"
EndProject
Project("{FAE04EC0-301F-11D3-BF4B-00C04F79EFBC}") = "DTO", "DAL\DTO.csproj", "{D155404F-081C-4660-912C-E6D4E0689014}"
EndProject
Project("{FAE04EC0-301F-11D3-BF4B-00C04F79EFBC}") = "DAO", "DTO\DAO.csproj", "{9087814B-120A-45FC-B814-C9C40248CBA0}"
EndProject
Global
	GlobalSection(SolutionConfigurationPlatforms) = preSolution
		Debug|Any CPU = Debug|Any CPU
		Release|Any CPU = Release|Any CPU
	EndGlobalSection
	GlobalSection(ProjectConfigurationPlatforms) = postSolution
		{F9124559-75A9-4808-9A95-D40D94CCC088}.Debug|Any CPU.ActiveCfg = Debug|Any CPU
		{F9124559-75A9-4808-9A95-D40D94CCC088}.Debug|Any CPU.Build.0 = Debug|Any CPU
		{F9124559-75A9-4808-9A95-D40D94CCC088}.Release|Any CPU.ActiveCfg = Release|Any CPU
		{F9124559-75A9-4808-9A95-D40D94CCC088}.Release|Any CPU.Build.0 = Release|Any CPU
		{81DA018F-800A-4A4D-9BF2-00D4751F2017}.Debug|Any CPU.ActiveCfg = Debug|Any CPU
		{81DA018F-800A-4A4D-9BF2-00D4751F2017}.Debug|Any CPU.Build.0 = Debug|Any CPU
		{81DA018F-800A-4A4D-9BF2-00D4751F2017}.Release|Any CPU.ActiveCfg = Release|Any CPU
		{81DA018F-800A-4A4D-9BF2-00D4751F2017}.Release|Any CPU.Build.0 = Release|Any CPU
		{D155404F-081C-4660-912C-E6D4E0689014}.Debug|Any CPU.ActiveCfg = Debug|Any CPU
		{D155404F-081C-4660-912C-E6D4E0689014}.Debug|Any CPU.Build.0 = Debug|Any CPU
		{D155404F-081C-4660-912C-E6D4E0689014}.Release|Any CPU.ActiveCfg = Release|Any CPU
		{D155404F-081C-4660-912C-E6D4E0689014}.Release|Any CPU.Build.0 = Release|Any CPU
		{9087814B-120A-45FC-B814-C9C40248CBA0}.Debug|Any CPU.ActiveCfg = Debug|Any CPU
		{9087814B-120A-45FC-B814-C9C40248CBA0}.Debug|Any CPU.Build.0 = Debug|Any CPU
		{9087814B-120A-45FC-B814-C9C40248CBA0}.Release|Any CPU.ActiveCfg = Release|Any CPU
		{9087814B-120A-45FC-B814-C9C40248CBA0}.Release|Any CPU.Build.0 = Release|Any CPU
	EndGlobalSection
	GlobalSection(SolutionProperties) = preSolution
		HideSolutionNode = FALSE
	EndGlobalSection
	GlobalSection(ExtensibilityGlobals) = postSolution
		SolutionGuid = {E77C38FB-758A-41C8-8735-6D041A93E624}
	EndGlobalSection
EndGlobal
